
Microsoft Visual Studio Solution File, Format Version 12.00
# Visual Studio Version 16
VisualStudioVersion = 16.0.28527.54
MinimumVisualStudioVersion = 10.0.40219.1
Project("{9A19103F-16F7-4668-BE54-9A1E7A4F7556}") = "NunitMix", "NunitMix\NunitMix.csproj", "{EAE3B968-889C-42A7-A42A-4E2A8DE76D0C}"
EndProject
Project("{2150E333-8FDC-42A3-9474-1A3956D46DE8}") = "Solution Items", "Solution Items", "{6CA2B411-42BE-4E13-BE6C-5477BBD8E4C8}"
	ProjectSection(SolutionItems) = preProject
		.runsettings = .runsettings
	EndProjectSection
EndProject
Project("{9A19103F-16F7-4668-BE54-9A1E7A4F7556}") = "NUnit.Tests2", "NUnit.Tests2\NUnit.Tests2.csproj", "{8EDF4429-251A-416D-BB68-93F227191BCF}"
EndProject
Project("{9A19103F-16F7-4668-BE54-9A1E7A4F7556}") = "NUnit.Tests3", "NUnit.Tests3\NUnit.Tests3.csproj", "{56C8CC18-D4C4-4F06-BD32-29F02AFB0463}"
EndProject
Project("{9A19103F-16F7-4668-BE54-9A1E7A4F7556}") = "NUnitTestProject1", "NUnitTestProject1\NUnitTestProject1.csproj", "{A91C9495-6419-41FA-95C4-409E0A429D3B}"
EndProject
Project("{9A19103F-16F7-4668-BE54-9A1E7A4F7556}") = "NUnit.Tests4", "NUnit.Tests4\NUnit.Tests4.csproj", "{8BDC3292-EDE8-4908-A2F9-0BD82D831A63}"
EndProject
Project("{9A19103F-16F7-4668-BE54-9A1E7A4F7556}") = "NUnit.Tests5", "NUnit.Tests5\NUnit.Tests5.csproj", "{A01E5686-531B-4DF8-9E3E-32F5B9680C99}"
EndProject
Project("{9A19103F-16F7-4668-BE54-9A1E7A4F7556}") = "NUnit.Tests6", "NUnit.Tests6\NUnit.Tests6.csproj", "{DBD09CEC-BB16-4EBF-85DE-91BD87326728}"
EndProject
Project("{9A19103F-16F7-4668-BE54-9A1E7A4F7556}") = "NUnit.Tests8", "NUnit.Tests8\NUnit.Tests8.csproj", "{2A147636-AA54-4CDD-89FD-DDB9FAB5D9B9}"
EndProject
Global
	GlobalSection(SolutionConfigurationPlatforms) = preSolution
		Debug|Any CPU = Debug|Any CPU
		Release|Any CPU = Release|Any CPU
	EndGlobalSection
	GlobalSection(ProjectConfigurationPlatforms) = postSolution
		{EAE3B968-889C-42A7-A42A-4E2A8DE76D0C}.Debug|Any CPU.ActiveCfg = Debug|Any CPU
		{EAE3B968-889C-42A7-A42A-4E2A8DE76D0C}.Debug|Any CPU.Build.0 = Debug|Any CPU
		{EAE3B968-889C-42A7-A42A-4E2A8DE76D0C}.Release|Any CPU.ActiveCfg = Release|Any CPU
		{EAE3B968-889C-42A7-A42A-4E2A8DE76D0C}.Release|Any CPU.Build.0 = Release|Any CPU
		{8EDF4429-251A-416D-BB68-93F227191BCF}.Debug|Any CPU.ActiveCfg = Debug|Any CPU
		{8EDF4429-251A-416D-BB68-93F227191BCF}.Debug|Any CPU.Build.0 = Debug|Any CPU
		{8EDF4429-251A-416D-BB68-93F227191BCF}.Release|Any CPU.ActiveCfg = Release|Any CPU
		{8EDF4429-251A-416D-BB68-93F227191BCF}.Release|Any CPU.Build.0 = Release|Any CPU
		{56C8CC18-D4C4-4F06-BD32-29F02AFB0463}.Debug|Any CPU.ActiveCfg = Debug|Any CPU
		{56C8CC18-D4C4-4F06-BD32-29F02AFB0463}.Debug|Any CPU.Build.0 = Debug|Any CPU
		{56C8CC18-D4C4-4F06-BD32-29F02AFB0463}.Release|Any CPU.ActiveCfg = Release|Any CPU
		{56C8CC18-D4C4-4F06-BD32-29F02AFB0463}.Release|Any CPU.Build.0 = Release|Any CPU
		{A91C9495-6419-41FA-95C4-409E0A429D3B}.Debug|Any CPU.ActiveCfg = Debug|Any CPU
		{A91C9495-6419-41FA-95C4-409E0A429D3B}.Debug|Any CPU.Build.0 = Debug|Any CPU
		{A91C9495-6419-41FA-95C4-409E0A429D3B}.Release|Any CPU.ActiveCfg = Release|Any CPU
		{A91C9495-6419-41FA-95C4-409E0A429D3B}.Release|Any CPU.Build.0 = Release|Any CPU
		{8BDC3292-EDE8-4908-A2F9-0BD82D831A63}.Debug|Any CPU.ActiveCfg = Debug|Any CPU
		{8BDC3292-EDE8-4908-A2F9-0BD82D831A63}.Debug|Any CPU.Build.0 = Debug|Any CPU
		{8BDC3292-EDE8-4908-A2F9-0BD82D831A63}.Release|Any CPU.ActiveCfg = Release|Any CPU
		{8BDC3292-EDE8-4908-A2F9-0BD82D831A63}.Release|Any CPU.Build.0 = Release|Any CPU
		{A01E5686-531B-4DF8-9E3E-32F5B9680C99}.Debug|Any CPU.ActiveCfg = Debug|Any CPU
		{A01E5686-531B-4DF8-9E3E-32F5B9680C99}.Debug|Any CPU.Build.0 = Debug|Any CPU
		{A01E5686-531B-4DF8-9E3E-32F5B9680C99}.Release|Any CPU.ActiveCfg = Release|Any CPU
		{A01E5686-531B-4DF8-9E3E-32F5B9680C99}.Release|Any CPU.Build.0 = Release|Any CPU
		{DBD09CEC-BB16-4EBF-85DE-91BD87326728}.Debug|Any CPU.ActiveCfg = Debug|Any CPU
		{DBD09CEC-BB16-4EBF-85DE-91BD87326728}.Debug|Any CPU.Build.0 = Debug|Any CPU
		{DBD09CEC-BB16-4EBF-85DE-91BD87326728}.Release|Any CPU.ActiveCfg = Release|Any CPU
		{DBD09CEC-BB16-4EBF-85DE-91BD87326728}.Release|Any CPU.Build.0 = Release|Any CPU
		{2A147636-AA54-4CDD-89FD-DDB9FAB5D9B9}.Debug|Any CPU.ActiveCfg = Debug|Any CPU
		{2A147636-AA54-4CDD-89FD-DDB9FAB5D9B9}.Debug|Any CPU.Build.0 = Debug|Any CPU
		{2A147636-AA54-4CDD-89FD-DDB9FAB5D9B9}.Release|Any CPU.ActiveCfg = Release|Any CPU
		{2A147636-AA54-4CDD-89FD-DDB9FAB5D9B9}.Release|Any CPU.Build.0 = Release|Any CPU
	EndGlobalSection
	GlobalSection(SolutionProperties) = preSolution
		HideSolutionNode = FALSE
	EndGlobalSection
	GlobalSection(ExtensibilityGlobals) = postSolution
		SolutionGuid = {9B3DE856-675E-4C6F-BEE7-5EF6D6C72548}
	EndGlobalSection
EndGlobal
